
Microsoft Visual Studio Solution File, Format Version 12.00
# Visual Studio Version 17
VisualStudioVersion = 17.14.36401.2 d17.14
MinimumVisualStudioVersion = 10.0.40219.1
Project("{FAE04EC0-301F-11D3-BF4B-00C04F79EFBC}") = "TemplateMethod", "TemplateMethod.csproj", "{206EDE29-3BC8-4D44-A565-EE2A88E26529}"
EndProject
Global
	GlobalSection(SolutionConfigurationPlatforms) = preSolution
		Debug|Any CPU = Debug|Any CPU
		Release|Any CPU = Release|Any CPU
	EndGlobalSection
	GlobalSection(ProjectConfigurationPlatforms) = postSolution
		{206EDE29-3BC8-4D44-A565-EE2A88E26529}.Debug|Any CPU.ActiveCfg = Debug|Any CPU
		{206EDE29-3BC8-4D44-A565-EE2A88E26529}.Debug|Any CPU.Build.0 = Debug|Any CPU
		{206EDE29-3BC8-4D44-A565-EE2A88E26529}.Release|Any CPU.ActiveCfg = Release|Any CPU
		{206EDE29-3BC8-4D44-A565-EE2A88E26529}.Release|Any CPU.Build.0 = Release|Any CPU
	EndGlobalSection
	GlobalSection(SolutionProperties) = preSolution
		HideSolutionNode = FALSE
	EndGlobalSection
	GlobalSection(ExtensibilityGlobals) = postSolution
		SolutionGuid = {E0AC1C66-4275-4044-A115-E497B1F0BF15}
	EndGlobalSection
EndGlobal
