
Microsoft Visual Studio Solution File, Format Version 12.00
# Visual Studio Version 17
VisualStudioVersion = 17.14.36401.2 d17.14
MinimumVisualStudioVersion = 10.0.40219.1
Project("{FAE04EC0-301F-11D3-BF4B-00C04F79EFBC}") = "Lists", "Lists.csproj", "{78C267BF-5726-4311-AD31-AE778ABFE54B}"
EndProject
Global
	GlobalSection(SolutionConfigurationPlatforms) = preSolution
		Debug|Any CPU = Debug|Any CPU
		Release|Any CPU = Release|Any CPU
	EndGlobalSection
	GlobalSection(ProjectConfigurationPlatforms) = postSolution
		{78C267BF-5726-4311-AD31-AE778ABFE54B}.Debug|Any CPU.ActiveCfg = Debug|Any CPU
		{78C267BF-5726-4311-AD31-AE778ABFE54B}.Debug|Any CPU.Build.0 = Debug|Any CPU
		{78C267BF-5726-4311-AD31-AE778ABFE54B}.Release|Any CPU.ActiveCfg = Release|Any CPU
		{78C267BF-5726-4311-AD31-AE778ABFE54B}.Release|Any CPU.Build.0 = Release|Any CPU
	EndGlobalSection
	GlobalSection(SolutionProperties) = preSolution
		HideSolutionNode = FALSE
	EndGlobalSection
	GlobalSection(ExtensibilityGlobals) = postSolution
		SolutionGuid = {6C35D010-719A-49F9-BE56-F0B9B1CC705B}
	EndGlobalSection
EndGlobal
